
Microsoft Visual Studio Solution File, Format Version 12.00
# Visual Studio Version 17
VisualStudioVersion = 17.7.34031.279
MinimumVisualStudioVersion = 10.0.40219.1
Project("{FAE04EC0-301F-11D3-BF4B-00C04F79EFBC}") = "LINQ Methods", "LINQ Methods\LINQ Methods.csproj", "{DBED2486-D753-4CCF-8A90-0405946A71DE}"
EndProject
Global
	GlobalSection(SolutionConfigurationPlatforms) = preSolution
		Debug|Any CPU = Debug|Any CPU
		Release|Any CPU = Release|Any CPU
	EndGlobalSection
	GlobalSection(ProjectConfigurationPlatforms) = postSolution
		{DBED2486-D753-4CCF-8A90-0405946A71DE}.Debug|Any CPU.ActiveCfg = Debug|Any CPU
		{DBED2486-D753-4CCF-8A90-0405946A71DE}.Debug|Any CPU.Build.0 = Debug|Any CPU
		{DBED2486-D753-4CCF-8A90-0405946A71DE}.Release|Any CPU.ActiveCfg = Release|Any CPU
		{DBED2486-D753-4CCF-8A90-0405946A71DE}.Release|Any CPU.Build.0 = Release|Any CPU
	EndGlobalSection
	GlobalSection(SolutionProperties) = preSolution
		HideSolutionNode = FALSE
	EndGlobalSection
	GlobalSection(ExtensibilityGlobals) = postSolution
		SolutionGuid = {C11F2A11-6CE1-4811-A430-1406911A3097}
	EndGlobalSection
EndGlobal
